
Microsoft Visual Studio Solution File, Format Version 12.00
# Visual Studio Version 16
VisualStudioVersion = 16.0.30406.217
MinimumVisualStudioVersion = 10.0.40219.1
Project("{FAE04EC0-301F-11D3-BF4B-00C04F79EFBC}") = "PR2", "PR2\PR2.csproj", "{D61030F3-8612-42A3-8FF0-FEC95468CBF0}"
EndProject
Global
	GlobalSection(SolutionConfigurationPlatforms) = preSolution
		Debug|Any CPU = Debug|Any CPU
		Release|Any CPU = Release|Any CPU
	EndGlobalSection
	GlobalSection(ProjectConfigurationPlatforms) = postSolution
		{D61030F3-8612-42A3-8FF0-FEC95468CBF0}.Debug|Any CPU.ActiveCfg = Debug|Any CPU
		{D61030F3-8612-42A3-8FF0-FEC95468CBF0}.Debug|Any CPU.Build.0 = Debug|Any CPU
		{D61030F3-8612-42A3-8FF0-FEC95468CBF0}.Release|Any CPU.ActiveCfg = Release|Any CPU
		{D61030F3-8612-42A3-8FF0-FEC95468CBF0}.Release|Any CPU.Build.0 = Release|Any CPU
	EndGlobalSection
	GlobalSection(SolutionProperties) = preSolution
		HideSolutionNode = FALSE
	EndGlobalSection
	GlobalSection(ExtensibilityGlobals) = postSolution
		SolutionGuid = {74CD102D-0289-4656-A9BE-3655BEECCC2C}
	EndGlobalSection
EndGlobal
