
Microsoft Visual Studio Solution File, Format Version 12.00
# Visual Studio Version 16
VisualStudioVersion = 16.0.30406.217
MinimumVisualStudioVersion = 10.0.40219.1
Project("{FAE04EC0-301F-11D3-BF4B-00C04F79EFBC}") = "PR2_3", "PR2_3\PR2_3.csproj", "{99E878A1-5D29-4053-8646-80D3DA064056}"
EndProject
Global
	GlobalSection(SolutionConfigurationPlatforms) = preSolution
		Debug|Any CPU = Debug|Any CPU
		Release|Any CPU = Release|Any CPU
	EndGlobalSection
	GlobalSection(ProjectConfigurationPlatforms) = postSolution
		{99E878A1-5D29-4053-8646-80D3DA064056}.Debug|Any CPU.ActiveCfg = Debug|Any CPU
		{99E878A1-5D29-4053-8646-80D3DA064056}.Debug|Any CPU.Build.0 = Debug|Any CPU
		{99E878A1-5D29-4053-8646-80D3DA064056}.Release|Any CPU.ActiveCfg = Release|Any CPU
		{99E878A1-5D29-4053-8646-80D3DA064056}.Release|Any CPU.Build.0 = Release|Any CPU
	EndGlobalSection
	GlobalSection(SolutionProperties) = preSolution
		HideSolutionNode = FALSE
	EndGlobalSection
	GlobalSection(ExtensibilityGlobals) = postSolution
		SolutionGuid = {CDB54091-3B5E-41BA-B7CB-176EB496F8C9}
	EndGlobalSection
EndGlobal
