
Microsoft Visual Studio Solution File, Format Version 12.00
# Visual Studio Version 16
VisualStudioVersion = 16.0.30406.217
MinimumVisualStudioVersion = 10.0.40219.1
Project("{FAE04EC0-301F-11D3-BF4B-00C04F79EFBC}") = "PR2_4", "PR2_4\PR2_4.csproj", "{4AA69008-25BC-401F-8EE3-CBE1C0BBF4CC}"
EndProject
Global
	GlobalSection(SolutionConfigurationPlatforms) = preSolution
		Debug|Any CPU = Debug|Any CPU
		Release|Any CPU = Release|Any CPU
	EndGlobalSection
	GlobalSection(ProjectConfigurationPlatforms) = postSolution
		{4AA69008-25BC-401F-8EE3-CBE1C0BBF4CC}.Debug|Any CPU.ActiveCfg = Debug|Any CPU
		{4AA69008-25BC-401F-8EE3-CBE1C0BBF4CC}.Debug|Any CPU.Build.0 = Debug|Any CPU
		{4AA69008-25BC-401F-8EE3-CBE1C0BBF4CC}.Release|Any CPU.ActiveCfg = Release|Any CPU
		{4AA69008-25BC-401F-8EE3-CBE1C0BBF4CC}.Release|Any CPU.Build.0 = Release|Any CPU
	EndGlobalSection
	GlobalSection(SolutionProperties) = preSolution
		HideSolutionNode = FALSE
	EndGlobalSection
	GlobalSection(ExtensibilityGlobals) = postSolution
		SolutionGuid = {983DDD2C-5441-4D3E-9C4D-C3B62F8AC7F4}
	EndGlobalSection
EndGlobal
